# This file was autogenerated by Stack.
# You should not edit this file by hand.
# For more information, please see the documentation at:
#   https://docs.haskellstack.org/en/stable/lock_files

packages:
- completed:
    size: 5828
    url: https://github.com/profpatsch/hasql-pool/archive/b003f311e38964145b063bfd2d580c9e3c4bcca7.tar.gz
    name: hasql-pool
    version: 0.6.0
    sha256: 262957198f18b4ce608ad74e7dc711a6ad16845b7ae10e079a83f6b4d0d6ba65
    pantry-tree:
      size: 541
      sha256: fb8561e14ce5d429d32f69e5a4bae269f833cbde1272ccf97fc72fbd74da9552
  original:
    url: https://github.com/profpatsch/hasql-pool/archive/b003f311e38964145b063bfd2d580c9e3c4bcca7.tar.gz
snapshots:
- completed:
    size: 590102
    url: https://raw.githubusercontent.com/commercialhaskell/stackage-snapshots/master/lts/18/27.yaml
    sha256: 79a786674930a89301b0e908fad2822a48882f3d01486117693c377b8edffdbe
  original:
    url: https://raw.githubusercontent.com/commercialhaskell/stackage-snapshots/master/lts/18/27.yaml
